// !$*UTF8*$!
{
	archiveVersion = 1;
	classes = {
	};
	objectVersion = 50;
	objects = {

/* Begin PBXBuildFile section */
		8435579C21E63A940098ECD2 /* AppDelegate.swift in Sources */ = {isa = PBXBuildFile; fileRef = 8435579B21E63A940098ECD2 /* AppDelegate.swift */; };
		8435579E21E63A940098ECD2 /* ViewController.swift in Sources */ = {isa = PBXBuildFile; fileRef = 8435579D21E63A940098ECD2 /* ViewController.swift */; };
		843557A121E63A940098ECD2 /* Main.storyboard in Resources */ = {isa = PBXBuildFile; fileRef = 8435579F21E63A940098ECD2 /* Main.storyboard */; };
		843557A321E63A950098ECD2 /* Assets.xcassets in Resources */ = {isa = PBXBuildFile; fileRef = 843557A221E63A950098ECD2 /* Assets.xcassets */; };
		843557A621E63A950098ECD2 /* LaunchScreen.storyboard in Resources */ = {isa = PBXBuildFile; fileRef = 843557A421E63A950098ECD2 /* LaunchScreen.storyboard */; };
		843557B121E63A950098ECD2 /* Actividad1Tests.swift in Sources */ = {isa = PBXBuildFile; fileRef = 843557B021E63A950098ECD2 /* Actividad1Tests.swift */; };
		843557BC21E63A950098ECD2 /* Actividad1UITests.swift in Sources */ = {isa = PBXBuildFile; fileRef = 843557BB21E63A950098ECD2 /* Actividad1UITests.swift */; };
		843557CA21E63B550098ECD2 /* RegistroViewController.swift in Sources */ = {isa = PBXBuildFile; fileRef = 843557C921E63B550098ECD2 /* RegistroViewController.swift */; };
		843557CC21E63D520098ECD2 /* OlvideViewController.swift in Sources */ = {isa = PBXBuildFile; fileRef = 843557CB21E63D520098ECD2 /* OlvideViewController.swift */; };
		843557CE21E642BD0098ECD2 /* Constantes.swift in Sources */ = {isa = PBXBuildFile; fileRef = 843557CD21E642BD0098ECD2 /* Constantes.swift */; };
		843557D021E647060098ECD2 /* Extensiones.swift in Sources */ = {isa = PBXBuildFile; fileRef = 843557CF21E647060098ECD2 /* Extensiones.swift */; };
		843557D221E65E700098ECD2 /* PrincipalViewController.swift in Sources */ = {isa = PBXBuildFile; fileRef = 843557D121E65E700098ECD2 /* PrincipalViewController.swift */; };
		843557D421E667BC0098ECD2 /* InfoRecuperarViewController.swift in Sources */ = {isa = PBXBuildFile; fileRef = 843557D321E667BC0098ECD2 /* InfoRecuperarViewController.swift */; };
/* End PBXBuildFile section */

/* Begin PBXContainerItemProxy section */
		843557AD21E63A950098ECD2 /* PBXContainerItemProxy */ = {
			isa = PBXContainerItemProxy;
			containerPortal = 8435579021E63A940098ECD2 /* Project object */;
			proxyType = 1;
			remoteGlobalIDString = 8435579721E63A940098ECD2;
			remoteInfo = Actividad1;
		};
		843557B821E63A950098ECD2 /* PBXContainerItemProxy */ = {
			isa = PBXContainerItemProxy;
			containerPortal = 8435579021E63A940098ECD2 /* Project object */;
			proxyType = 1;
			remoteGlobalIDString = 8435579721E63A940098ECD2;
			remoteInfo = Actividad1;
		};
/* End PBXContainerItemProxy section */

/* Begin PBXFileReference section */
		8435579821E63A940098ECD2 /* Actividad1.app */ = {isa = PBXFileReference; explicitFileType = wrapper.application; includeInIndex = 0; path = Actividad1.app; sourceTree = BUILT_PRODUCTS_DIR; };
		8435579B21E63A940098ECD2 /* AppDelegate.swift */ = {isa = PBXFileReference; lastKnownFileType = sourcecode.swift; path = AppDelegate.swift; sourceTree = "<group>"; };
		8435579D21E63A940098ECD2 /* ViewController.swift */ = {isa = PBXFileReference; lastKnownFileType = sourcecode.swift; path = ViewController.swift; sourceTree = "<group>"; };
		843557A021E63A940098ECD2 /* Base */ = {isa = PBXFileReference; lastKnownFileType = file.storyboard; name = Base; path = Base.lproj/Main.storyboard; sourceTree = "<group>"; };
		843557A221E63A950098ECD2 /* Assets.xcassets */ = {isa = PBXFileReference; lastKnownFileType = folder.assetcatalog; path = Assets.xcassets; sourceTree = "<group>"; };
		843557A521E63A950098ECD2 /* Base */ = {isa = PBXFileReference; lastKnownFileType = file.storyboard; name = Base; path = Base.lproj/LaunchScreen.storyboard; sourceTree = "<group>"; };
		843557A721E63A950098ECD2 /* Info.plist */ = {isa = PBXFileReference; lastKnownFileType = text.plist.xml; path = Info.plist; sourceTree = "<group>"; };
		843557AC21E63A950098ECD2 /* Actividad1Tests.xctest */ = {isa = PBXFileReference; explicitFileType = wrapper.cfbundle; includeInIndex = 0; path = Actividad1Tests.xctest; sourceTree = BUILT_PRODUCTS_DIR; };
		843557B021E63A950098ECD2 /* Actividad1Tests.swift */ = {isa = PBXFileReference; lastKnownFileType = sourcecode.swift; path = Actividad1Tests.swift; sourceTree = "<group>"; };
		843557B221E63A950098ECD2 /* Info.plist */ = {isa = PBXFileReference; lastKnownFileType = text.plist.xml; path = Info.plist; sourceTree = "<group>"; };
		843557B721E63A950098ECD2 /* Actividad1UITests.xctest */ = {isa = PBXFileReference; explicitFileType = wrapper.cfbundle; includeInIndex = 0; path = Actividad1UITests.xctest; sourceTree = BUILT_PRODUCTS_DIR; };
		843557BB21E63A950098ECD2 /* Actividad1UITests.swift */ = {isa = PBXFileReference; lastKnownFileType = sourcecode.swift; path = Actividad1UITests.swift; sourceTree = "<group>"; };
		843557BD21E63A950098ECD2 /* Info.plist */ = {isa = PBXFileReference; lastKnownFileType = text.plist.xml; path = Info.plist; sourceTree = "<group>"; };
		843557C921E63B550098ECD2 /* RegistroViewController.swift */ = {isa = PBXFileReference; lastKnownFileType = sourcecode.swift; path = RegistroViewController.swift; sourceTree = "<group>"; };
		843557CB21E63D520098ECD2 /* OlvideViewController.swift */ = {isa = PBXFileReference; lastKnownFileType = sourcecode.swift; path = OlvideViewController.swift; sourceTree = "<group>"; };
		843557CD21E642BD0098ECD2 /* Constantes.swift */ = {isa = PBXFileReference; lastKnownFileType = sourcecode.swift; path = Constantes.swift; sourceTree = "<group>"; };
		843557CF21E647060098ECD2 /* Extensiones.swift */ = {isa = PBXFileReference; lastKnownFileType = sourcecode.swift; path = Extensiones.swift; sourceTree = "<group>"; };
		843557D121E65E700098ECD2 /* PrincipalViewController.swift */ = {isa = PBXFileReference; lastKnownFileType = sourcecode.swift; path = PrincipalViewController.swift; sourceTree = "<group>"; };
		843557D321E667BC0098ECD2 /* InfoRecuperarViewController.swift */ = {isa = PBXFileReference; lastKnownFileType = sourcecode.swift; path = InfoRecuperarViewController.swift; sourceTree = "<group>"; };
/* End PBXFileReference section */

/* Begin PBXFrameworksBuildPhase section */
		8435579521E63A940098ECD2 /* Frameworks */ = {
			isa = PBXFrameworksBuildPhase;
			buildActionMask = 2147483647;
			files = (
			);
			runOnlyForDeploymentPostprocessing = 0;
		};
		843557A921E63A950098ECD2 /* Frameworks */ = {
			isa = PBXFrameworksBuildPhase;
			buildActionMask = 2147483647;
			files = (
			);
			runOnlyForDeploymentPostprocessing = 0;
		};
		843557B421E63A950098ECD2 /* Frameworks */ = {
			isa = PBXFrameworksBuildPhase;
			buildActionMask = 2147483647;
			files = (
			);
			runOnlyForDeploymentPostprocessing = 0;
		};
/* End PBXFrameworksBuildPhase section */

/* Begin PBXGroup section */
		8435578F21E63A940098ECD2 = {
			isa = PBXGroup;
			children = (
				8435579A21E63A940098ECD2 /* Actividad1 */,
				843557AF21E63A950098ECD2 /* Actividad1Tests */,
				843557BA21E63A950098ECD2 /* Actividad1UITests */,
				8435579921E63A940098ECD2 /* Products */,
			);
			sourceTree = "<group>";
		};
		8435579921E63A940098ECD2 /* Products */ = {
			isa = PBXGroup;
			children = (
				8435579821E63A940098ECD2 /* Actividad1.app */,
				843557AC21E63A950098ECD2 /* Actividad1Tests.xctest */,
				843557B721E63A950098ECD2 /* Actividad1UITests.xctest */,
			);
			name = Products;
			sourceTree = "<group>";
		};
		8435579A21E63A940098ECD2 /* Actividad1 */ = {
			isa = PBXGroup;
			children = (
				8435579B21E63A940098ECD2 /* AppDelegate.swift */,
				8435579D21E63A940098ECD2 /* ViewController.swift */,
				843557CF21E647060098ECD2 /* Extensiones.swift */,
				8435579F21E63A940098ECD2 /* Main.storyboard */,
				843557D321E667BC0098ECD2 /* InfoRecuperarViewController.swift */,
				843557D121E65E700098ECD2 /* PrincipalViewController.swift */,
				843557CD21E642BD0098ECD2 /* Constantes.swift */,
				843557CB21E63D520098ECD2 /* OlvideViewController.swift */,
				843557C921E63B550098ECD2 /* RegistroViewController.swift */,
				843557A221E63A950098ECD2 /* Assets.xcassets */,
				843557A421E63A950098ECD2 /* LaunchScreen.storyboard */,
				843557A721E63A950098ECD2 /* Info.plist */,
			);
			path = Actividad1;
			sourceTree = "<group>";
		};
		843557AF21E63A950098ECD2 /* Actividad1Tests */ = {
			isa = PBXGroup;
			children = (
				843557B021E63A950098ECD2 /* Actividad1Tests.swift */,
				843557B221E63A950098ECD2 /* Info.plist */,
			);
			path = Actividad1Tests;
			sourceTree = "<group>";
		};
		843557BA21E63A950098ECD2 /* Actividad1UITests */ = {
			isa = PBXGroup;
			children = (
				843557BB21E63A950098ECD2 /* Actividad1UITests.swift */,
				843557BD21E63A950098ECD2 /* Info.plist */,
			);
			path = Actividad1UITests;
			sourceTree = "<group>";
		};
/* End PBXGroup section */

/* Begin PBXNativeTarget section */
		8435579721E63A940098ECD2 /* Actividad1 */ = {
			isa = PBXNativeTarget;
			buildConfigurationList = 843557C021E63A950098ECD2 /* Build configuration list for PBXNativeTarget "Actividad1" */;
			buildPhases = (
				8435579421E63A940098ECD2 /* Sources */,
				8435579521E63A940098ECD2 /* Frameworks */,
				8435579621E63A940098ECD2 /* Resources */,
			);
			buildRules = (
			);
			dependencies = (
			);
			name = Actividad1;
			productName = Actividad1;
			productReference = 8435579821E63A940098ECD2 /* Actividad1.app */;
			productType = "com.apple.product-type.application";
		};
		843557AB21E63A950098ECD2 /* Actividad1Tests */ = {
			isa = PBXNativeTarget;
			buildConfigurationList = 843557C321E63A950098ECD2 /* Build configuration list for PBXNativeTarget "Actividad1Tests" */;
			buildPhases = (
				843557A821E63A950098ECD2 /* Sources */,
				843557A921E63A950098ECD2 /* Frameworks */,
				843557AA21E63A950098ECD2 /* Resources */,
			);
			buildRules = (
			);
			dependencies = (
				843557AE21E63A950098ECD2 /* PBXTargetDependency */,
			);
			name = Actividad1Tests;
			productName = Actividad1Tests;
			productReference = 843557AC21E63A950098ECD2 /* Actividad1Tests.xctest */;
			productType = "com.apple.product-type.bundle.unit-test";
		};
		843557B621E63A950098ECD2 /* Actividad1UITests */ = {
			isa = PBXNativeTarget;
			buildConfigurationList = 843557C621E63A950098ECD2 /* Build configuration list for PBXNativeTarget "Actividad1UITests" */;
			buildPhases = (
				843557B321E63A950098ECD2 /* Sources */,
				843557B421E63A950098ECD2 /* Frameworks */,
				843557B521E63A950098ECD2 /* Resources */,
			);
			buildRules = (
			);
			dependencies = (
				843557B921E63A950098ECD2 /* PBXTargetDependency */,
			);
			name = Actividad1UITests;
			productName = Actividad1UITests;
			productReference = 843557B721E63A950098ECD2 /* Actividad1UITests.xctest */;
			productType = "com.apple.product-type.bundle.ui-testing";
		};
/* End PBXNativeTarget section */

/* Begin PBXProject section */
		8435579021E63A940098ECD2 /* Project object */ = {
			isa = PBXProject;
			attributes = {
				LastSwiftUpdateCheck = 1000;
				LastUpgradeCheck = 1000;
				ORGANIZATIONNAME = "grupo salinas";
				TargetAttributes = {
					8435579721E63A940098ECD2 = {
						CreatedOnToolsVersion = 10.0;
					};
					843557AB21E63A950098ECD2 = {
						CreatedOnToolsVersion = 10.0;
						TestTargetID = 8435579721E63A940098ECD2;
					};
					843557B621E63A950098ECD2 = {
						CreatedOnToolsVersion = 10.0;
						TestTargetID = 8435579721E63A940098ECD2;
					};
				};
			};
			buildConfigurationList = 8435579321E63A940098ECD2 /* Build configuration list for PBXProject "Actividad1" */;
			compatibilityVersion = "Xcode 9.3";
			developmentRegion = en;
			hasScannedForEncodings = 0;
			knownRegions = (
				en,
				Base,
			);
			mainGroup = 8435578F21E63A940098ECD2;
			productRefGroup = 8435579921E63A940098ECD2 /* Products */;
			projectDirPath = "";
			projectRoot = "";
			targets = (
				8435579721E63A940098ECD2 /* Actividad1 */,
				843557AB21E63A950098ECD2 /* Actividad1Tests */,
				843557B621E63A950098ECD2 /* Actividad1UITests */,
			);
		};
/* End PBXProject section */

/* Begin PBXResourcesBuildPhase section */
		8435579621E63A940098ECD2 /* Resources */ = {
			isa = PBXResourcesBuildPhase;
			buildActionMask = 2147483647;
			files = (
				843557A621E63A950098ECD2 /* LaunchScreen.storyboard in Resources */,
				843557A321E63A950098ECD2 /* Assets.xcassets in Resources */,
				843557A121E63A940098ECD2 /* Main.storyboard in Resources */,
			);
			runOnlyForDeploymentPostprocessing = 0;
		};
		843557AA21E63A950098ECD2 /* Resources */ = {
			isa = PBXResourcesBuildPhase;
			buildActionMask = 2147483647;
			files = (
			);
			runOnlyForDeploymentPostprocessing = 0;
		};
		843557B521E63A950098ECD2 /* Resources */ = {
			isa = PBXResourcesBuildPhase;
			buildActionMask = 2147483647;
			files = (
			);
			runOnlyForDeploymentPostprocessing = 0;
		};
/* End PBXResourcesBuildPhase section */

/* Begin PBXSourcesBuildPhase section */
		8435579421E63A940098ECD2 /* Sources */ = {
			isa = PBXSourcesBuildPhase;
			buildActionMask = 2147483647;
			files = (
				843557D421E667BC0098ECD2 /* InfoRecuperarViewController.swift in Sources */,
				843557CE21E642BD0098ECD2 /* Constantes.swift in Sources */,
				8435579E21E63A940098ECD2 /* ViewController.swift in Sources */,
				843557CA21E63B550098ECD2 /* RegistroViewController.swift in Sources */,
				843557D021E647060098ECD2 /* Extensiones.swift in Sources */,
				8435579C21E63A940098ECD2 /* AppDelegate.swift in Sources */,
				843557D221E65E700098ECD2 /* PrincipalViewController.swift in Sources */,
				843557CC21E63D520098ECD2 /* OlvideViewController.swift in Sources */,
			);
			runOnlyForDeploymentPostprocessing = 0;
		};
		843557A821E63A950098ECD2 /* Sources */ = {
			isa = PBXSourcesBuildPhase;
			buildActionMask = 2147483647;
			files = (
				843557B121E63A950098ECD2 /* Actividad1Tests.swift in Sources */,
			);
			runOnlyForDeploymentPostprocessing = 0;
		};
		843557B321E63A950098ECD2 /* Sources */ = {
			isa = PBXSourcesBuildPhase;
			buildActionMask = 2147483647;
			files = (
				843557BC21E63A950098ECD2 /* Actividad1UITests.swift in Sources */,
			);
			runOnlyForDeploymentPostprocessing = 0;
		};
/* End PBXSourcesBuildPhase section */

/* Begin PBXTargetDependency section */
		843557AE21E63A950098ECD2 /* PBXTargetDependency */ = {
			isa = PBXTargetDependency;
			target = 8435579721E63A940098ECD2 /* Actividad1 */;
			targetProxy = 843557AD21E63A950098ECD2 /* PBXContainerItemProxy */;
		};
		843557B921E63A950098ECD2 /* PBXTargetDependency */ = {
			isa = PBXTargetDependency;
			target = 8435579721E63A940098ECD2 /* Actividad1 */;
			targetProxy = 843557B821E63A950098ECD2 /* PBXContainerItemProxy */;
		};
/* End PBXTargetDependency section */

/* Begin PBXVariantGroup section */
		8435579F21E63A940098ECD2 /* Main.storyboard */ = {
			isa = PBXVariantGroup;
			children = (
				843557A021E63A940098ECD2 /* Base */,
			);
			name = Main.storyboard;
			sourceTree = "<group>";
		};
		843557A421E63A950098ECD2 /* LaunchScreen.storyboard */ = {
			isa = PBXVariantGroup;
			children = (
				843557A521E63A950098ECD2 /* Base */,
			);
			name = LaunchScreen.storyboard;
			sourceTree = "<group>";
		};
/* End PBXVariantGroup section */

/* Begin XCBuildConfiguration section */
		843557BE21E63A950098ECD2 /* Debug */ = {
			isa = XCBuildConfiguration;
			buildSettings = {
				ALWAYS_SEARCH_USER_PATHS = NO;
				CLANG_ANALYZER_NONNULL = YES;
				CLANG_ANALYZER_NUMBER_OBJECT_CONVERSION = YES_AGGRESSIVE;
				CLANG_CXX_LANGUAGE_STANDARD = "gnu++14";
				CLANG_CXX_LIBRARY = "libc++";
				CLANG_ENABLE_MODULES = YES;
				CLANG_ENABLE_OBJC_ARC = YES;
				CLANG_ENABLE_OBJC_WEAK = YES;
				CLANG_WARN_BLOCK_CAPTURE_AUTORELEASING = YES;
				CLANG_WARN_BOOL_CONVERSION = YES;
				CLANG_WARN_COMMA = YES;
				CLANG_WARN_CONSTANT_CONVERSION = YES;
				CLANG_WARN_DEPRECATED_OBJC_IMPLEMENTATIONS = YES;
				CLANG_WARN_DIRECT_OBJC_ISA_USAGE = YES_ERROR;
				CLANG_WARN_DOCUMENTATION_COMMENTS = YES;
				CLANG_WARN_EMPTY_BODY = YES;
				CLANG_WARN_ENUM_CONVERSION = YES;
				CLANG_WARN_INFINITE_RECURSION = YES;
				CLANG_WARN_INT_CONVERSION = YES;
				CLANG_WARN_NON_LITERAL_NULL_CONVERSION = YES;
				CLANG_WARN_OBJC_IMPLICIT_RETAIN_SELF = YES;
				CLANG_WARN_OBJC_LITERAL_CONVERSION = YES;
				CLANG_WARN_OBJC_ROOT_CLASS = YES_ERROR;
				CLANG_WARN_RANGE_LOOP_ANALYSIS = YES;
				CLANG_WARN_STRICT_PROTOTYPES = YES;
				CLANG_WARN_SUSPICIOUS_MOVE = YES;
				CLANG_WARN_UNGUARDED_AVAILABILITY = YES_AGGRESSIVE;
				CLANG_WARN_UNREACHABLE_CODE = YES;
				CLANG_WARN__DUPLICATE_METHOD_MATCH = YES;
				CODE_SIGN_IDENTITY = "iPhone Developer";
				COPY_PHASE_STRIP = NO;
				DEBUG_INFORMATION_FORMAT = dwarf;
				ENABLE_STRICT_OBJC_MSGSEND = YES;
				ENABLE_TESTABILITY = YES;
				GCC_C_LANGUAGE_STANDARD = gnu11;
				GCC_DYNAMIC_NO_PIC = NO;
				GCC_NO_COMMON_BLOCKS = YES;
				GCC_OPTIMIZATION_LEVEL = 0;
				GCC_PREPROCESSOR_DEFINITIONS = (
					"DEBUG=1",
					"$(inherited)",
				);
				GCC_WARN_64_TO_32_BIT_CONVERSION = YES;
				GCC_WARN_ABOUT_RETURN_TYPE = YES_ERROR;
				GCC_WARN_UNDECLARED_SELECTOR = YES;
				GCC_WARN_UNINITIALIZED_AUTOS = YES_AGGRESSIVE;
				GCC_WARN_UNUSED_FUNCTION = YES;
				GCC_WARN_UNUSED_VARIABLE = YES;
				IPHONEOS_DEPLOYMENT_TARGET = 12.0;
				MTL_ENABLE_DEBUG_INFO = INCLUDE_SOURCE;
				MTL_FAST_MATH = YES;
				ONLY_ACTIVE_ARCH = YES;
				SDKROOT = iphoneos;
				SWIFT_ACTIVE_COMPILATION_CONDITIONS = DEBUG;
				SWIFT_OPTIMIZATION_LEVEL = "-Onone";
			};
			name = Debug;
		};
		843557BF21E63A950098ECD2 /* Release */ = {
			isa = XCBuildConfiguration;
			buildSettings = {
				ALWAYS_SEARCH_USER_PATHS = NO;
				CLANG_ANALYZER_NONNULL = YES;
				CLANG_ANALYZER_NUMBER_OBJECT_CONVERSION = YES_AGGRESSIVE;
				CLANG_CXX_LANGUAGE_STANDARD = "gnu++14";
				CLANG_CXX_LIBRARY = "libc++";
				CLANG_ENABLE_MODULES = YES;
				CLANG_ENABLE_OBJC_ARC = YES;
				CLANG_ENABLE_OBJC_WEAK = YES;
				CLANG_WARN_BLOCK_CAPTURE_AUTORELEASING = YES;
				CLANG_WARN_BOOL_CONVERSION = YES;
				CLANG_WARN_COMMA = YES;
				CLANG_WARN_CONSTANT_CONVERSION = YES;
				CLANG_WARN_DEPRECATED_OBJC_IMPLEMENTATIONS = YES;
				CLANG_WARN_DIRECT_OBJC_ISA_USAGE = YES_ERROR;
				CLANG_WARN_DOCUMENTATION_COMMENTS = YES;
				CLANG_WARN_EMPTY_BODY = YES;
				CLANG_WARN_ENUM_CONVERSION = YES;
				CLANG_WARN_INFINITE_RECURSION = YES;
				CLANG_WARN_INT_CONVERSION = YES;
				CLANG_WARN_NON_LITERAL_NULL_CONVERSION = YES;
				CLANG_WARN_OBJC_IMPLICIT_RETAIN_SELF = YES;
				CLANG_WARN_OBJC_LITERAL_CONVERSION = YES;
				CLANG_WARN_OBJC_ROOT_CLASS = YES_ERROR;
				CLANG_WARN_RANGE_LOOP_ANALYSIS = YES;
				CLANG_WARN_STRICT_PROTOTYPES = YES;
				CLANG_WARN_SUSPICIOUS_MOVE = YES;
				CLANG_WARN_UNGUARDED_AVAILABILITY = YES_AGGRESSIVE;
				CLANG_WARN_UNREACHABLE_CODE = YES;
				CLANG_WARN__DUPLICATE_METHOD_MATCH = YES;
				CODE_SIGN_IDENTITY = "iPhone Developer";
				COPY_PHASE_STRIP = NO;
				DEBUG_INFORMATION_FORMAT = "dwarf-with-dsym";
				ENABLE_NS_ASSERTIONS = NO;
				ENABLE_STRICT_OBJC_MSGSEND = YES;
				GCC_C_LANGUAGE_STANDARD = gnu11;
				GCC_NO_COMMON_BLOCKS = YES;
				GCC_WARN_64_TO_32_BIT_CONVERSION = YES;
				GCC_WARN_ABOUT_RETURN_TYPE = YES_ERROR;
				GCC_WARN_UNDECLARED_SELECTOR = YES;
				GCC_WARN_UNINITIALIZED_AUTOS = YES_AGGRESSIVE;
				GCC_WARN_UNUSED_FUNCTION = YES;
				GCC_WARN_UNUSED_VARIABLE = YES;
				IPHONEOS_DEPLOYMENT_TARGET = 12.0;
				MTL_ENABLE_DEBUG_INFO = NO;
				MTL_FAST_MATH = YES;
				SDKROOT = iphoneos;
				SWIFT_COMPILATION_MODE = wholemodule;
				SWIFT_OPTIMIZATION_LEVEL = "-O";
				VALIDATE_PRODUCT = YES;
			};
			name = Release;
		};
		843557C121E63A950098ECD2 /* Debug */ = {
			isa = XCBuildConfiguration;
			buildSettings = {
				ASSETCATALOG_COMPILER_APPICON_NAME = AppIcon;
				CODE_SIGN_STYLE = Automatic;
				INFOPLIST_FILE = Actividad1/Info.plist;
				LD_RUNPATH_SEARCH_PATHS = (
					"$(inherited)",
					"@executable_path/Frameworks",
				);
				PRODUCT_BUNDLE_IDENTIFIER = com.gs.Actividad1;
				PRODUCT_NAME = "$(TARGET_NAME)";
				SWIFT_VERSION = 4.2;
				TARGETED_DEVICE_FAMILY = "1,2";
			};
			name = Debug;
		};
		843557C221E63A950098ECD2 /* Release */ = {
			isa = XCBuildConfiguration;
			buildSettings = {
				ASSETCATALOG_COMPILER_APPICON_NAME = AppIcon;
				CODE_SIGN_STYLE = Automatic;
				INFOPLIST_FILE = Actividad1/Info.plist;
				LD_RUNPATH_SEARCH_PATHS = (
					"$(inherited)",
					"@executable_path/Frameworks",
				);
				PRODUCT_BUNDLE_IDENTIFIER = com.gs.Actividad1;
				PRODUCT_NAME = "$(TARGET_NAME)";
				SWIFT_VERSION = 4.2;
				TARGETED_DEVICE_FAMILY = "1,2";
			};
			name = Release;
		};
		843557C421E63A950098ECD2 /* Debug */ = {
			isa = XCBuildConfiguration;
			buildSettings = {
				ALWAYS_EMBED_SWIFT_STANDARD_LIBRARIES = YES;
				BUNDLE_LOADER = "$(TEST_HOST)";
				CODE_SIGN_STYLE = Automatic;
				INFOPLIST_FILE = Actividad1Tests/Info.plist;
				LD_RUNPATH_SEARCH_PATHS = (
					"$(inherited)",
					"@executable_path/Frameworks",
					"@loader_path/Frameworks",
				);
				PRODUCT_BUNDLE_IDENTIFIER = com.gs.Actividad1Tests;
				PRODUCT_NAME = "$(TARGET_NAME)";
				SWIFT_VERSION = 4.2;
				TARGETED_DEVICE_FAMILY = "1,2";
				TEST_HOST = "$(BUILT_PRODUCTS_DIR)/Actividad1.app/Actividad1";
			};
			name = Debug;
		};
		843557C521E63A950098ECD2 /* Release */ = {
			isa = XCBuildConfiguration;
			buildSettings = {
				ALWAYS_EMBED_SWIFT_STANDARD_LIBRARIES = YES;
				BUNDLE_LOADER = "$(TEST_HOST)";
				CODE_SIGN_STYLE = Automatic;
				INFOPLIST_FILE = Actividad1Tests/Info.plist;
				LD_RUNPATH_SEARCH_PATHS = (
					"$(inherited)",
					"@executable_path/Frameworks",
					"@loader_path/Frameworks",
				);
				PRODUCT_BUNDLE_IDENTIFIER = com.gs.Actividad1Tests;
				PRODUCT_NAME = "$(TARGET_NAME)";
				SWIFT_VERSION = 4.2;
				TARGETED_DEVICE_FAMILY = "1,2";
				TEST_HOST = "$(BUILT_PRODUCTS_DIR)/Actividad1.app/Actividad1";
			};
			name = Release;
		};
		843557C721E63A950098ECD2 /* Debug */ = {
			isa = XCBuildConfiguration;
			buildSettings = {
				ALWAYS_EMBED_SWIFT_STANDARD_LIBRARIES = YES;
				CODE_SIGN_STYLE = Automatic;
				INFOPLIST_FILE = Actividad1UITests/Info.plist;
				LD_RUNPATH_SEARCH_PATHS = (
					"$(inherited)",
					"@executable_path/Frameworks",
					"@loader_path/Frameworks",
				);
				PRODUCT_BUNDLE_IDENTIFIER = com.gs.Actividad1UITests;
				PRODUCT_NAME = "$(TARGET_NAME)";
				SWIFT_VERSION = 4.2;
				TARGETED_DEVICE_FAMILY = "1,2";
				TEST_TARGET_NAME = Actividad1;
			};
			name = Debug;
		};
		843557C821E63A950098ECD2 /* Release */ = {
			isa = XCBuildConfiguration;
			buildSettings = {
				ALWAYS_EMBED_SWIFT_STANDARD_LIBRARIES = YES;
				CODE_SIGN_STYLE = Automatic;
				INFOPLIST_FILE = Actividad1UITests/Info.plist;
				LD_RUNPATH_SEARCH_PATHS = (
					"$(inherited)",
					"@executable_path/Frameworks",
					"@loader_path/Frameworks",
				);
				PRODUCT_BUNDLE_IDENTIFIER = com.gs.Actividad1UITests;
				PRODUCT_NAME = "$(TARGET_NAME)";
				SWIFT_VERSION = 4.2;
				TARGETED_DEVICE_FAMILY = "1,2";
				TEST_TARGET_NAME = Actividad1;
			};
			name = Release;
		};
/* End XCBuildConfiguration section */

/* Begin XCConfigurationList section */
		8435579321E63A940098ECD2 /* Build configuration list for PBXProject "Actividad1" */ = {
			isa = XCConfigurationList;
			buildConfigurations = (
				843557BE21E63A950098ECD2 /* Debug */,
				843557BF21E63A950098ECD2 /* Release */,
			);
			defaultConfigurationIsVisible = 0;
			defaultConfigurationName = Release;
		};
		843557C021E63A950098ECD2 /* Build configuration list for PBXNativeTarget "Actividad1" */ = {
			isa = XCConfigurationList;
			buildConfigurations = (
				843557C121E63A950098ECD2 /* Debug */,
				843557C221E63A950098ECD2 /* Release */,
			);
			defaultConfigurationIsVisible = 0;
			defaultConfigurationName = Release;
		};
		843557C321E63A950098ECD2 /* Build configuration list for PBXNativeTarget "Actividad1Tests" */ = {
			isa = XCConfigurationList;
			buildConfigurations = (
				843557C421E63A950098ECD2 /* Debug */,
				843557C521E63A950098ECD2 /* Release */,
			);
			defaultConfigurationIsVisible = 0;
			defaultConfigurationName = Release;
		};
		843557C621E63A950098ECD2 /* Build configuration list for PBXNativeTarget "Actividad1UITests" */ = {
			isa = XCConfigurationList;
			buildConfigurations = (
				843557C721E63A950098ECD2 /* Debug */,
				843557C821E63A950098ECD2 /* Release */,
			);
			defaultConfigurationIsVisible = 0;
			defaultConfigurationName = Release;
		};
/* End XCConfigurationList section */
	};
	rootObject = 8435579021E63A940098ECD2 /* Project object */;
}
